{
  "name": "Blog",
  "requires": true,
  "lockfileVersion": 1,
  "dependencies": {
    "@mdi/font": {
      "version": "2.6.95",
      "resolved": "https://registry.npmjs.org/@mdi/font/-/font-2.6.95.tgz",
      "integrity": "sha512-YSgCwWGZ8yj7yJzWGhsK5mppv+4VnzwwuyJo45IQplnhpu7FA9P1tQ6eaCsh0qDelcXBYscjlUTGoGZ+O4zePg=="
    },
    "material-design-icons": {
      "version": "3.0.1",
      "resolved": "https://registry.npmjs.org/material-design-icons/-/material-design-icons-3.0.1.tgz",
      "integrity": "sha1-mnHEh0chjrylHlGmbaaCA4zct78="
    }
  }
}
